// !$*UTF8*$!
{
	archiveVersion = 1;
	classes = {
	};
	objectVersion = 46;
	objects = {

/* Begin PBXBuildFile section */
		600370231E71663B0095CE53 /* DetailViewController.swift in Sources */ = {isa = PBXBuildFile; fileRef = 600370221E71663B0095CE53 /* DetailViewController.swift */; };
		6003702D1E716AA60095CE53 /* SettingsViewController.swift in Sources */ = {isa = PBXBuildFile; fileRef = 6003702C1E716AA60095CE53 /* SettingsViewController.swift */; };
		6003702F1E716AE60095CE53 /* InformationViewController.swift in Sources */ = {isa = PBXBuildFile; fileRef = 6003702E1E716AE60095CE53 /* InformationViewController.swift */; };
		6003703A1E719BBA0095CE53 /* GoogleService-Info.plist in Resources */ = {isa = PBXBuildFile; fileRef = 600370391E719BBA0095CE53 /* GoogleService-Info.plist */; };
		600FE6B31E705D41005D208B /* AppDelegate.swift in Sources */ = {isa = PBXBuildFile; fileRef = 600FE6B21E705D41005D208B /* AppDelegate.swift */; };
		600FE6B51E705D41005D208B /* CollectionViewController.swift in Sources */ = {isa = PBXBuildFile; fileRef = 600FE6B41E705D41005D208B /* CollectionViewController.swift */; };
		600FE6B81E705D41005D208B /* Main.storyboard in Resources */ = {isa = PBXBuildFile; fileRef = 600FE6B61E705D41005D208B /* Main.storyboard */; };
		600FE6BA1E705D41005D208B /* Assets.xcassets in Resources */ = {isa = PBXBuildFile; fileRef = 600FE6B91E705D41005D208B /* Assets.xcassets */; };
		600FE6BD1E705D41005D208B /* LaunchScreen.storyboard in Resources */ = {isa = PBXBuildFile; fileRef = 600FE6BB1E705D41005D208B /* LaunchScreen.storyboard */; };
		600FE6E11E705D7C005D208B /* MyCollectionViewCell.swift in Sources */ = {isa = PBXBuildFile; fileRef = 600FE6E01E705D7C005D208B /* MyCollectionViewCell.swift */; };
		602072FC1E76FC7B001D5C33 /* MyCollectionViewCell.xib in Resources */ = {isa = PBXBuildFile; fileRef = 602072FB1E76FC7B001D5C33 /* MyCollectionViewCell.xib */; };
		602072FE1E76FF81001D5C33 /* Constants.swift in Sources */ = {isa = PBXBuildFile; fileRef = 602072FD1E76FF81001D5C33 /* Constants.swift */; };
		604007A11E71ABB200B8035C /* StreamingNetworkAppUITests.swift in Sources */ = {isa = PBXBuildFile; fileRef = 6040079C1E71AAAE00B8035C /* StreamingNetworkAppUITests.swift */; };
		604007A21E71ABB500B8035C /* StreamingNetworkAppTests.swift in Sources */ = {isa = PBXBuildFile; fileRef = 604007991E71AAAE00B8035C /* StreamingNetworkAppTests.swift */; };
		604007A41E71AF0D00B8035C /* DataProvider.swift in Sources */ = {isa = PBXBuildFile; fileRef = 604007A31E71AF0D00B8035C /* DataProvider.swift */; };
		604007AB1E71C06B00B8035C /* RadioData.swift in Sources */ = {isa = PBXBuildFile; fileRef = 604007AA1E71C06B00B8035C /* RadioData.swift */; };
		60E38A2C1E782C0900A20807 /* MainNavigationController.swift in Sources */ = {isa = PBXBuildFile; fileRef = 60E38A2B1E782C0900A20807 /* MainNavigationController.swift */; };
		60E38A2F1E78362300A20807 /* GlobalParams.swift in Sources */ = {isa = PBXBuildFile; fileRef = 60E38A2E1E78362300A20807 /* GlobalParams.swift */; };
		60E38A301E783FEB00A20807 /* Fort Foundry - Termina-Black.otf in Resources */ = {isa = PBXBuildFile; fileRef = 60E38A271E7800CC00A20807 /* Fort Foundry - Termina-Black.otf */; };
		60E38A331E78405C00A20807 /* Fort Foundry - Termina-Regular.otf in Resources */ = {isa = PBXBuildFile; fileRef = 60E38A261E7800BD00A20807 /* Fort Foundry - Termina-Regular.otf */; };
		B920B207F0B53C89A4DEE37A /* Pods_StreamingNetworkAppTests.framework in Frameworks */ = {isa = PBXBuildFile; fileRef = 61C761EF9BC797F220ECE91F /* Pods_StreamingNetworkAppTests.framework */; };
		ED47A3521781D12A5EE7573D /* Pods_StreamingNetworkAppUITests.framework in Frameworks */ = {isa = PBXBuildFile; fileRef = AEB34C77DB74464BA35896C5 /* Pods_StreamingNetworkAppUITests.framework */; };
		F87F3C5430182AB1188EB6B3 /* Pods_StreamingNetworkApp.framework in Frameworks */ = {isa = PBXBuildFile; fileRef = 41944E92FFF745E02BE8F04D /* Pods_StreamingNetworkApp.framework */; };
/* End PBXBuildFile section */

/* Begin PBXContainerItemProxy section */
		600FE6C41E705D41005D208B /* PBXContainerItemProxy */ = {
			isa = PBXContainerItemProxy;
			containerPortal = 600FE6A71E705D41005D208B /* Project object */;
			proxyType = 1;
			remoteGlobalIDString = 600FE6AE1E705D41005D208B;
			remoteInfo = StreamingNetworkApp;
		};
		600FE6CF1E705D41005D208B /* PBXContainerItemProxy */ = {
			isa = PBXContainerItemProxy;
			containerPortal = 600FE6A71E705D41005D208B /* Project object */;
			proxyType = 1;
			remoteGlobalIDString = 600FE6AE1E705D41005D208B;
			remoteInfo = StreamingNetworkApp;
		};
/* End PBXContainerItemProxy section */

/* Begin PBXFileReference section */
		1B389178D7FB2C98C40F31F2 /* Pods-StreamingNetworkAppTests.release.xcconfig */ = {isa = PBXFileReference; includeInIndex = 1; lastKnownFileType = text.xcconfig; name = "Pods-StreamingNetworkAppTests.release.xcconfig"; path = "Pods/Target Support Files/Pods-StreamingNetworkAppTests/Pods-StreamingNetworkAppTests.release.xcconfig"; sourceTree = "<group>"; };
		41944E92FFF745E02BE8F04D /* Pods_StreamingNetworkApp.framework */ = {isa = PBXFileReference; explicitFileType = wrapper.framework; includeInIndex = 0; path = Pods_StreamingNetworkApp.framework; sourceTree = BUILT_PRODUCTS_DIR; };
		52C124749A7DD198C1A89761 /* Pods-StreamingNetworkAppUITests.release.xcconfig */ = {isa = PBXFileReference; includeInIndex = 1; lastKnownFileType = text.xcconfig; name = "Pods-StreamingNetworkAppUITests.release.xcconfig"; path = "Pods/Target Support Files/Pods-StreamingNetworkAppUITests/Pods-StreamingNetworkAppUITests.release.xcconfig"; sourceTree = "<group>"; };
		600370221E71663B0095CE53 /* DetailViewController.swift */ = {isa = PBXFileReference; fileEncoding = 4; lastKnownFileType = sourcecode.swift; name = DetailViewController.swift; path = ../DetailViewController.swift; sourceTree = "<group>"; };
		6003702C1E716AA60095CE53 /* SettingsViewController.swift */ = {isa = PBXFileReference; fileEncoding = 4; lastKnownFileType = sourcecode.swift; name = SettingsViewController.swift; path = ../SettingsViewController.swift; sourceTree = "<group>"; };
		6003702E1E716AE60095CE53 /* InformationViewController.swift */ = {isa = PBXFileReference; fileEncoding = 4; lastKnownFileType = sourcecode.swift; name = InformationViewController.swift; path = ../InformationViewController.swift; sourceTree = "<group>"; };
		600370391E719BBA0095CE53 /* GoogleService-Info.plist */ = {isa = PBXFileReference; fileEncoding = 4; lastKnownFileType = text.plist.xml; name = "GoogleService-Info.plist"; path = "StreamingNetworkApp/GoogleService-Info.plist"; sourceTree = "<group>"; };
		600FE6AF1E705D41005D208B /* StreamingNetworkApp.app */ = {isa = PBXFileReference; explicitFileType = wrapper.application; includeInIndex = 0; path = StreamingNetworkApp.app; sourceTree = BUILT_PRODUCTS_DIR; };
		600FE6B21E705D41005D208B /* AppDelegate.swift */ = {isa = PBXFileReference; lastKnownFileType = sourcecode.swift; path = AppDelegate.swift; sourceTree = "<group>"; };
		600FE6B41E705D41005D208B /* CollectionViewController.swift */ = {isa = PBXFileReference; lastKnownFileType = sourcecode.swift; path = CollectionViewController.swift; sourceTree = "<group>"; };
		600FE6B71E705D41005D208B /* Base */ = {isa = PBXFileReference; lastKnownFileType = file.storyboard; name = Base; path = Base.lproj/Main.storyboard; sourceTree = "<group>"; };
		600FE6B91E705D41005D208B /* Assets.xcassets */ = {isa = PBXFileReference; lastKnownFileType = folder.assetcatalog; name = Assets.xcassets; path = StreamingNetworkApp/Assets.xcassets; sourceTree = "<group>"; };
		600FE6BC1E705D41005D208B /* Base */ = {isa = PBXFileReference; lastKnownFileType = file.storyboard; name = Base; path = Base.lproj/LaunchScreen.storyboard; sourceTree = "<group>"; };
		600FE6BE1E705D41005D208B /* Info.plist */ = {isa = PBXFileReference; lastKnownFileType = text.plist.xml; name = Info.plist; path = StreamingNetworkApp/Info.plist; sourceTree = "<group>"; };
		600FE6C31E705D41005D208B /* StreamingNetworkAppTests.xctest */ = {isa = PBXFileReference; explicitFileType = wrapper.cfbundle; includeInIndex = 0; path = StreamingNetworkAppTests.xctest; sourceTree = BUILT_PRODUCTS_DIR; };
		600FE6CE1E705D41005D208B /* StreamingNetworkAppUITests.xctest */ = {isa = PBXFileReference; explicitFileType = wrapper.cfbundle; includeInIndex = 0; path = StreamingNetworkAppUITests.xctest; sourceTree = BUILT_PRODUCTS_DIR; };
		600FE6E01E705D7C005D208B /* MyCollectionViewCell.swift */ = {isa = PBXFileReference; fileEncoding = 4; lastKnownFileType = sourcecode.swift; name = MyCollectionViewCell.swift; path = StreamingNetworkApp/MyCollectionViewCell.swift; sourceTree = "<group>"; };
		602072FB1E76FC7B001D5C33 /* MyCollectionViewCell.xib */ = {isa = PBXFileReference; fileEncoding = 4; lastKnownFileType = file.xib; path = MyCollectionViewCell.xib; sourceTree = "<group>"; };
		602072FD1E76FF81001D5C33 /* Constants.swift */ = {isa = PBXFileReference; fileEncoding = 4; lastKnownFileType = sourcecode.swift; path = Constants.swift; sourceTree = "<group>"; };
		604007981E71AAAE00B8035C /* Info.plist */ = {isa = PBXFileReference; fileEncoding = 4; lastKnownFileType = text.plist.xml; path = Info.plist; sourceTree = "<group>"; };
		604007991E71AAAE00B8035C /* StreamingNetworkAppTests.swift */ = {isa = PBXFileReference; fileEncoding = 4; lastKnownFileType = sourcecode.swift; path = StreamingNetworkAppTests.swift; sourceTree = "<group>"; };
		6040079B1E71AAAE00B8035C /* Info.plist */ = {isa = PBXFileReference; fileEncoding = 4; lastKnownFileType = text.plist.xml; path = Info.plist; sourceTree = "<group>"; };
		6040079C1E71AAAE00B8035C /* StreamingNetworkAppUITests.swift */ = {isa = PBXFileReference; fileEncoding = 4; lastKnownFileType = sourcecode.swift; path = StreamingNetworkAppUITests.swift; sourceTree = "<group>"; };
		604007A31E71AF0D00B8035C /* DataProvider.swift */ = {isa = PBXFileReference; fileEncoding = 4; lastKnownFileType = sourcecode.swift; name = DataProvider.swift; path = StreamingNetworkApp/DataProvider.swift; sourceTree = "<group>"; };
		604007AA1E71C06B00B8035C /* RadioData.swift */ = {isa = PBXFileReference; fileEncoding = 4; lastKnownFileType = sourcecode.swift; name = RadioData.swift; path = StreamingNetworkApp/RadioData.swift; sourceTree = "<group>"; };
		60E38A261E7800BD00A20807 /* Fort Foundry - Termina-Regular.otf */ = {isa = PBXFileReference; lastKnownFileType = file; name = "Fort Foundry - Termina-Regular.otf"; path = "StreamingNetworkApp/Fort Foundry - Termina-Regular.otf"; sourceTree = "<group>"; };
		60E38A271E7800CC00A20807 /* Fort Foundry - Termina-Black.otf */ = {isa = PBXFileReference; lastKnownFileType = file; name = "Fort Foundry - Termina-Black.otf"; path = "StreamingNetworkApp/Fort Foundry - Termina-Black.otf"; sourceTree = "<group>"; };
		60E38A2B1E782C0900A20807 /* MainNavigationController.swift */ = {isa = PBXFileReference; fileEncoding = 4; lastKnownFileType = sourcecode.swift; name = MainNavigationController.swift; path = StreamingNetworkApp/MainNavigationController.swift; sourceTree = "<group>"; };
		60E38A2E1E78362300A20807 /* GlobalParams.swift */ = {isa = PBXFileReference; fileEncoding = 4; lastKnownFileType = sourcecode.swift; path = GlobalParams.swift; sourceTree = "<group>"; };
		61C761EF9BC797F220ECE91F /* Pods_StreamingNetworkAppTests.framework */ = {isa = PBXFileReference; explicitFileType = wrapper.framework; includeInIndex = 0; path = Pods_StreamingNetworkAppTests.framework; sourceTree = BUILT_PRODUCTS_DIR; };
		7101C741468EB827F9C6F777 /* Pods-StreamingNetworkApp.release.xcconfig */ = {isa = PBXFileReference; includeInIndex = 1; lastKnownFileType = text.xcconfig; name = "Pods-StreamingNetworkApp.release.xcconfig"; path = "Pods/Target Support Files/Pods-StreamingNetworkApp/Pods-StreamingNetworkApp.release.xcconfig"; sourceTree = "<group>"; };
		AE22B7DD591C07F773AD9C91 /* Pods-StreamingNetworkAppTests.debug.xcconfig */ = {isa = PBXFileReference; includeInIndex = 1; lastKnownFileType = text.xcconfig; name = "Pods-StreamingNetworkAppTests.debug.xcconfig"; path = "Pods/Target Support Files/Pods-StreamingNetworkAppTests/Pods-StreamingNetworkAppTests.debug.xcconfig"; sourceTree = "<group>"; };
		AEB34C77DB74464BA35896C5 /* Pods_StreamingNetworkAppUITests.framework */ = {isa = PBXFileReference; explicitFileType = wrapper.framework; includeInIndex = 0; path = Pods_StreamingNetworkAppUITests.framework; sourceTree = BUILT_PRODUCTS_DIR; };
		BFDFD456B3DA4C41EE902D62 /* Pods-StreamingNetworkAppUITests.debug.xcconfig */ = {isa = PBXFileReference; includeInIndex = 1; lastKnownFileType = text.xcconfig; name = "Pods-StreamingNetworkAppUITests.debug.xcconfig"; path = "Pods/Target Support Files/Pods-StreamingNetworkAppUITests/Pods-StreamingNetworkAppUITests.debug.xcconfig"; sourceTree = "<group>"; };
		FCB17092CC3533C01EEBA5CC /* Pods-StreamingNetworkApp.debug.xcconfig */ = {isa = PBXFileReference; includeInIndex = 1; lastKnownFileType = text.xcconfig; name = "Pods-StreamingNetworkApp.debug.xcconfig"; path = "Pods/Target Support Files/Pods-StreamingNetworkApp/Pods-StreamingNetworkApp.debug.xcconfig"; sourceTree = "<group>"; };
/* End PBXFileReference section */

/* Begin PBXFrameworksBuildPhase section */
		600FE6AC1E705D41005D208B /* Frameworks */ = {
			isa = PBXFrameworksBuildPhase;
			buildActionMask = 2147483647;
			files = (
				F87F3C5430182AB1188EB6B3 /* Pods_StreamingNetworkApp.framework in Frameworks */,
			);
			runOnlyForDeploymentPostprocessing = 0;
		};
		600FE6C01E705D41005D208B /* Frameworks */ = {
			isa = PBXFrameworksBuildPhase;
			buildActionMask = 2147483647;
			files = (
				B920B207F0B53C89A4DEE37A /* Pods_StreamingNetworkAppTests.framework in Frameworks */,
			);
			runOnlyForDeploymentPostprocessing = 0;
		};
		600FE6CB1E705D41005D208B /* Frameworks */ = {
			isa = PBXFrameworksBuildPhase;
			buildActionMask = 2147483647;
			files = (
				ED47A3521781D12A5EE7573D /* Pods_StreamingNetworkAppUITests.framework in Frameworks */,
			);
			runOnlyForDeploymentPostprocessing = 0;
		};
/* End PBXFrameworksBuildPhase section */

/* Begin PBXGroup section */
		600370201E7164710095CE53 /* Supporting Files */ = {
			isa = PBXGroup;
			children = (
				600FE6B91E705D41005D208B /* Assets.xcassets */,
				600FE6BE1E705D41005D208B /* Info.plist */,
				600370391E719BBA0095CE53 /* GoogleService-Info.plist */,
			);
			name = "Supporting Files";
			path = ..;
			sourceTree = "<group>";
		};
		600FE6A61E705D41005D208B = {
			isa = PBXGroup;
			children = (
				600FE6B11E705D41005D208B /* StreamingNetworkApp */,
				604007971E71AAAE00B8035C /* StreamingNetworkAppTests */,
				6040079A1E71AAAE00B8035C /* StreamingNetworkAppUITests */,
				600FE6B01E705D41005D208B /* Products */,
				BA18353F3BE5732C6C10EA9E /* Pods */,
				78940BD408CBE231D01520DA /* Frameworks */,
			);
			sourceTree = "<group>";
		};
		600FE6B01E705D41005D208B /* Products */ = {
			isa = PBXGroup;
			children = (
				600FE6AF1E705D41005D208B /* StreamingNetworkApp.app */,
				600FE6C31E705D41005D208B /* StreamingNetworkAppTests.xctest */,
				600FE6CE1E705D41005D208B /* StreamingNetworkAppUITests.xctest */,
			);
			name = Products;
			sourceTree = "<group>";
		};
		600FE6B11E705D41005D208B /* StreamingNetworkApp */ = {
			isa = PBXGroup;
			children = (
				600FE6B21E705D41005D208B /* AppDelegate.swift */,
				602072F81E76DE9A001D5C33 /* Layout */,
				602072FA1E76E457001D5C33 /* Cells */,
				604007A51E71AF4100B8035C /* DataLayer */,
				602072F71E76DE54001D5C33 /* Controllers */,
				602073011E770254001D5C33 /* Constants */,
				600370201E7164710095CE53 /* Supporting Files */,
			);
			path = StreamingNetworkApp;
			sourceTree = "<group>";
		};
		602072F71E76DE54001D5C33 /* Controllers */ = {
			isa = PBXGroup;
			children = (
				600FE6B41E705D41005D208B /* CollectionViewController.swift */,
				6003702E1E716AE60095CE53 /* InformationViewController.swift */,
				6003702C1E716AA60095CE53 /* SettingsViewController.swift */,
				600370221E71663B0095CE53 /* DetailViewController.swift */,
			);
			name = Controllers;
			sourceTree = "<group>";
		};
		602072F81E76DE9A001D5C33 /* Layout */ = {
			isa = PBXGroup;
			children = (
				60E38A2A1E7802E800A20807 /* Storyboards */,
				60E38A291E7800F400A20807 /* LaunchScreen */,
				60E38A2D1E782C1100A20807 /* Navigation */,
				60E38A281E7800D600A20807 /* Font */,
			);
			name = Layout;
			sourceTree = "<group>";
		};
		602072FA1E76E457001D5C33 /* Cells */ = {
			isa = PBXGroup;
			children = (
				600FE6E01E705D7C005D208B /* MyCollectionViewCell.swift */,
				602072FB1E76FC7B001D5C33 /* MyCollectionViewCell.xib */,
			);
			name = Cells;
			path = ..;
			sourceTree = "<group>";
		};
		602073011E770254001D5C33 /* Constants */ = {
			isa = PBXGroup;
			children = (
				602072FD1E76FF81001D5C33 /* Constants.swift */,
			);
			name = Constants;
			sourceTree = "<group>";
		};
		604007971E71AAAE00B8035C /* StreamingNetworkAppTests */ = {
			isa = PBXGroup;
			children = (
				604007981E71AAAE00B8035C /* Info.plist */,
				604007991E71AAAE00B8035C /* StreamingNetworkAppTests.swift */,
			);
			path = StreamingNetworkAppTests;
			sourceTree = "<group>";
		};
		6040079A1E71AAAE00B8035C /* StreamingNetworkAppUITests */ = {
			isa = PBXGroup;
			children = (
				6040079B1E71AAAE00B8035C /* Info.plist */,
				6040079C1E71AAAE00B8035C /* StreamingNetworkAppUITests.swift */,
			);
			path = StreamingNetworkAppUITests;
			sourceTree = "<group>";
		};
		604007A51E71AF4100B8035C /* DataLayer */ = {
			isa = PBXGroup;
			children = (
				604007AA1E71C06B00B8035C /* RadioData.swift */,
				604007A31E71AF0D00B8035C /* DataProvider.swift */,
			);
			name = DataLayer;
			path = ..;
			sourceTree = "<group>";
		};
		60E38A281E7800D600A20807 /* Font */ = {
			isa = PBXGroup;
			children = (
				60E38A261E7800BD00A20807 /* Fort Foundry - Termina-Regular.otf */,
				60E38A271E7800CC00A20807 /* Fort Foundry - Termina-Black.otf */,
			);
			name = Font;
			path = ..;
			sourceTree = "<group>";
		};
		60E38A291E7800F400A20807 /* LaunchScreen */ = {
			isa = PBXGroup;
			children = (
				600FE6BB1E705D41005D208B /* LaunchScreen.storyboard */,
			);
			name = LaunchScreen;
			path = ..;
			sourceTree = "<group>";
		};
		60E38A2A1E7802E800A20807 /* Storyboards */ = {
			isa = PBXGroup;
			children = (
				600FE6B61E705D41005D208B /* Main.storyboard */,
			);
			name = Storyboards;
			path = ..;
			sourceTree = "<group>";
		};
		60E38A2D1E782C1100A20807 /* Navigation */ = {
			isa = PBXGroup;
			children = (
				60E38A2B1E782C0900A20807 /* MainNavigationController.swift */,
				60E38A2E1E78362300A20807 /* GlobalParams.swift */,
			);
			name = Navigation;
			path = ..;
			sourceTree = "<group>";
		};
		78940BD408CBE231D01520DA /* Frameworks */ = {
			isa = PBXGroup;
			children = (
				41944E92FFF745E02BE8F04D /* Pods_StreamingNetworkApp.framework */,
				61C761EF9BC797F220ECE91F /* Pods_StreamingNetworkAppTests.framework */,
				AEB34C77DB74464BA35896C5 /* Pods_StreamingNetworkAppUITests.framework */,
			);
			name = Frameworks;
			sourceTree = "<group>";
		};
		BA18353F3BE5732C6C10EA9E /* Pods */ = {
			isa = PBXGroup;
			children = (
				FCB17092CC3533C01EEBA5CC /* Pods-StreamingNetworkApp.debug.xcconfig */,
				7101C741468EB827F9C6F777 /* Pods-StreamingNetworkApp.release.xcconfig */,
				AE22B7DD591C07F773AD9C91 /* Pods-StreamingNetworkAppTests.debug.xcconfig */,
				1B389178D7FB2C98C40F31F2 /* Pods-StreamingNetworkAppTests.release.xcconfig */,
				BFDFD456B3DA4C41EE902D62 /* Pods-StreamingNetworkAppUITests.debug.xcconfig */,
				52C124749A7DD198C1A89761 /* Pods-StreamingNetworkAppUITests.release.xcconfig */,
			);
			name = Pods;
			sourceTree = "<group>";
		};
/* End PBXGroup section */

/* Begin PBXNativeTarget section */
		600FE6AE1E705D41005D208B /* StreamingNetworkApp */ = {
			isa = PBXNativeTarget;
			buildConfigurationList = 600FE6D71E705D41005D208B /* Build configuration list for PBXNativeTarget "StreamingNetworkApp" */;
			buildPhases = (
				61C6ABE0ACAE36C02D594377 /* [CP] Check Pods Manifest.lock */,
				600FE6AB1E705D41005D208B /* Sources */,
				600FE6AC1E705D41005D208B /* Frameworks */,
				600FE6AD1E705D41005D208B /* Resources */,
				527395A77AE963BC9F12D21F /* [CP] Embed Pods Frameworks */,
				392F61FD8EB00860BEF9DE2E /* [CP] Copy Pods Resources */,
			);
			buildRules = (
			);
			dependencies = (
			);
			name = StreamingNetworkApp;
			productName = StreamingNetworkApp;
			productReference = 600FE6AF1E705D41005D208B /* StreamingNetworkApp.app */;
			productType = "com.apple.product-type.application";
		};
		600FE6C21E705D41005D208B /* StreamingNetworkAppTests */ = {
			isa = PBXNativeTarget;
			buildConfigurationList = 600FE6DA1E705D41005D208B /* Build configuration list for PBXNativeTarget "StreamingNetworkAppTests" */;
			buildPhases = (
				C8D0DC52484DC6D0B39D9E9B /* [CP] Check Pods Manifest.lock */,
				600FE6BF1E705D41005D208B /* Sources */,
				600FE6C01E705D41005D208B /* Frameworks */,
				600FE6C11E705D41005D208B /* Resources */,
				9E3BD036ADE0E536F02AD7FC /* [CP] Embed Pods Frameworks */,
				2C19A280B537334A78F9CF2E /* [CP] Copy Pods Resources */,
			);
			buildRules = (
			);
			dependencies = (
				600FE6C51E705D41005D208B /* PBXTargetDependency */,
			);
			name = StreamingNetworkAppTests;
			productName = StreamingNetworkAppTests;
			productReference = 600FE6C31E705D41005D208B /* StreamingNetworkAppTests.xctest */;
			productType = "com.apple.product-type.bundle.unit-test";
		};
		600FE6CD1E705D41005D208B /* StreamingNetworkAppUITests */ = {
			isa = PBXNativeTarget;
			buildConfigurationList = 600FE6DD1E705D41005D208B /* Build configuration list for PBXNativeTarget "StreamingNetworkAppUITests" */;
			buildPhases = (
				7740BCD8AA49EB3355F23690 /* [CP] Check Pods Manifest.lock */,
				600FE6CA1E705D41005D208B /* Sources */,
				600FE6CB1E705D41005D208B /* Frameworks */,
				600FE6CC1E705D41005D208B /* Resources */,
				229BA602D53B80911D74451B /* [CP] Embed Pods Frameworks */,
				E3FC0D7B427744DEC87895D0 /* [CP] Copy Pods Resources */,
			);
			buildRules = (
			);
			dependencies = (
				600FE6D01E705D41005D208B /* PBXTargetDependency */,
			);
			name = StreamingNetworkAppUITests;
			productName = StreamingNetworkAppUITests;
			productReference = 600FE6CE1E705D41005D208B /* StreamingNetworkAppUITests.xctest */;
			productType = "com.apple.product-type.bundle.ui-testing";
		};
/* End PBXNativeTarget section */

/* Begin PBXProject section */
		600FE6A71E705D41005D208B /* Project object */ = {
			isa = PBXProject;
			attributes = {
				LastSwiftUpdateCheck = 0820;
				LastUpgradeCheck = 0820;
				ORGANIZATIONNAME = "Jeroen de Bie";
				TargetAttributes = {
					600FE6AE1E705D41005D208B = {
						CreatedOnToolsVersion = 8.2.1;
						DevelopmentTeam = 6CB7HT7995;
						ProvisioningStyle = Automatic;
					};
					600FE6C21E705D41005D208B = {
						CreatedOnToolsVersion = 8.2.1;
						DevelopmentTeam = 6CB7HT7995;
						ProvisioningStyle = Automatic;
						TestTargetID = 600FE6AE1E705D41005D208B;
					};
					600FE6CD1E705D41005D208B = {
						CreatedOnToolsVersion = 8.2.1;
						DevelopmentTeam = 6CB7HT7995;
						ProvisioningStyle = Automatic;
						TestTargetID = 600FE6AE1E705D41005D208B;
					};
				};
			};
			buildConfigurationList = 600FE6AA1E705D41005D208B /* Build configuration list for PBXProject "StreamingNetworkApp" */;
			compatibilityVersion = "Xcode 3.2";
			developmentRegion = English;
			hasScannedForEncodings = 0;
			knownRegions = (
				en,
				Base,
			);
			mainGroup = 600FE6A61E705D41005D208B;
			productRefGroup = 600FE6B01E705D41005D208B /* Products */;
			projectDirPath = "";
			projectRoot = "";
			targets = (
				600FE6AE1E705D41005D208B /* StreamingNetworkApp */,
				600FE6C21E705D41005D208B /* StreamingNetworkAppTests */,
				600FE6CD1E705D41005D208B /* StreamingNetworkAppUITests */,
			);
		};
/* End PBXProject section */

/* Begin PBXResourcesBuildPhase section */
		600FE6AD1E705D41005D208B /* Resources */ = {
			isa = PBXResourcesBuildPhase;
			buildActionMask = 2147483647;
			files = (
				60E38A331E78405C00A20807 /* Fort Foundry - Termina-Regular.otf in Resources */,
				600FE6BD1E705D41005D208B /* LaunchScreen.storyboard in Resources */,
				602072FC1E76FC7B001D5C33 /* MyCollectionViewCell.xib in Resources */,
				6003703A1E719BBA0095CE53 /* GoogleService-Info.plist in Resources */,
				600FE6BA1E705D41005D208B /* Assets.xcassets in Resources */,
				60E38A301E783FEB00A20807 /* Fort Foundry - Termina-Black.otf in Resources */,
				600FE6B81E705D41005D208B /* Main.storyboard in Resources */,
			);
			runOnlyForDeploymentPostprocessing = 0;
		};
		600FE6C11E705D41005D208B /* Resources */ = {
			isa = PBXResourcesBuildPhase;
			buildActionMask = 2147483647;
			files = (
			);
			runOnlyForDeploymentPostprocessing = 0;
		};
		600FE6CC1E705D41005D208B /* Resources */ = {
			isa = PBXResourcesBuildPhase;
			buildActionMask = 2147483647;
			files = (
			);
			runOnlyForDeploymentPostprocessing = 0;
		};
/* End PBXResourcesBuildPhase section */

/* Begin PBXShellScriptBuildPhase section */
		229BA602D53B80911D74451B /* [CP] Embed Pods Frameworks */ = {
			isa = PBXShellScriptBuildPhase;
			buildActionMask = 2147483647;
			files = (
			);
			inputPaths = (
			);
			name = "[CP] Embed Pods Frameworks";
			outputPaths = (
			);
			runOnlyForDeploymentPostprocessing = 0;
			shellPath = /bin/sh;
			shellScript = "\"${SRCROOT}/Pods/Target Support Files/Pods-StreamingNetworkAppUITests/Pods-StreamingNetworkAppUITests-frameworks.sh\"\n";
			showEnvVarsInLog = 0;
		};
		2C19A280B537334A78F9CF2E /* [CP] Copy Pods Resources */ = {
			isa = PBXShellScriptBuildPhase;
			buildActionMask = 2147483647;
			files = (
			);
			inputPaths = (
			);
			name = "[CP] Copy Pods Resources";
			outputPaths = (
			);
			runOnlyForDeploymentPostprocessing = 0;
			shellPath = /bin/sh;
			shellScript = "\"${SRCROOT}/Pods/Target Support Files/Pods-StreamingNetworkAppTests/Pods-StreamingNetworkAppTests-resources.sh\"\n";
			showEnvVarsInLog = 0;
		};
		392F61FD8EB00860BEF9DE2E /* [CP] Copy Pods Resources */ = {
			isa = PBXShellScriptBuildPhase;
			buildActionMask = 2147483647;
			files = (
			);
			inputPaths = (
			);
			name = "[CP] Copy Pods Resources";
			outputPaths = (
			);
			runOnlyForDeploymentPostprocessing = 0;
			shellPath = /bin/sh;
			shellScript = "\"${SRCROOT}/Pods/Target Support Files/Pods-StreamingNetworkApp/Pods-StreamingNetworkApp-resources.sh\"\n";
			showEnvVarsInLog = 0;
		};
		527395A77AE963BC9F12D21F /* [CP] Embed Pods Frameworks */ = {
			isa = PBXShellScriptBuildPhase;
			buildActionMask = 2147483647;
			files = (
			);
			inputPaths = (
			);
			name = "[CP] Embed Pods Frameworks";
			outputPaths = (
			);
			runOnlyForDeploymentPostprocessing = 0;
			shellPath = /bin/sh;
			shellScript = "\"${SRCROOT}/Pods/Target Support Files/Pods-StreamingNetworkApp/Pods-StreamingNetworkApp-frameworks.sh\"\n";
			showEnvVarsInLog = 0;
		};
		61C6ABE0ACAE36C02D594377 /* [CP] Check Pods Manifest.lock */ = {
			isa = PBXShellScriptBuildPhase;
			buildActionMask = 2147483647;
			files = (
			);
			inputPaths = (
			);
			name = "[CP] Check Pods Manifest.lock";
			outputPaths = (
			);
			runOnlyForDeploymentPostprocessing = 0;
			shellPath = /bin/sh;
			shellScript = "diff \"${PODS_ROOT}/../Podfile.lock\" \"${PODS_ROOT}/Manifest.lock\" > /dev/null\nif [ $? != 0 ] ; then\n    # print error to STDERR\n    echo \"error: The sandbox is not in sync with the Podfile.lock. Run 'pod install' or update your CocoaPods installation.\" >&2\n    exit 1\nfi\n";
			showEnvVarsInLog = 0;
		};
		7740BCD8AA49EB3355F23690 /* [CP] Check Pods Manifest.lock */ = {
			isa = PBXShellScriptBuildPhase;
			buildActionMask = 2147483647;
			files = (
			);
			inputPaths = (
			);
			name = "[CP] Check Pods Manifest.lock";
			outputPaths = (
			);
			runOnlyForDeploymentPostprocessing = 0;
			shellPath = /bin/sh;
			shellScript = "diff \"${PODS_ROOT}/../Podfile.lock\" \"${PODS_ROOT}/Manifest.lock\" > /dev/null\nif [ $? != 0 ] ; then\n    # print error to STDERR\n    echo \"error: The sandbox is not in sync with the Podfile.lock. Run 'pod install' or update your CocoaPods installation.\" >&2\n    exit 1\nfi\n";
			showEnvVarsInLog = 0;
		};
		9E3BD036ADE0E536F02AD7FC /* [CP] Embed Pods Frameworks */ = {
			isa = PBXShellScriptBuildPhase;
			buildActionMask = 2147483647;
			files = (
			);
			inputPaths = (
			);
			name = "[CP] Embed Pods Frameworks";
			outputPaths = (
			);
			runOnlyForDeploymentPostprocessing = 0;
			shellPath = /bin/sh;
			shellScript = "\"${SRCROOT}/Pods/Target Support Files/Pods-StreamingNetworkAppTests/Pods-StreamingNetworkAppTests-frameworks.sh\"\n";
			showEnvVarsInLog = 0;
		};
		C8D0DC52484DC6D0B39D9E9B /* [CP] Check Pods Manifest.lock */ = {
			isa = PBXShellScriptBuildPhase;
			buildActionMask = 2147483647;
			files = (
			);
			inputPaths = (
			);
			name = "[CP] Check Pods Manifest.lock";
			outputPaths = (
			);
			runOnlyForDeploymentPostprocessing = 0;
			shellPath = /bin/sh;
			shellScript = "diff \"${PODS_ROOT}/../Podfile.lock\" \"${PODS_ROOT}/Manifest.lock\" > /dev/null\nif [ $? != 0 ] ; then\n    # print error to STDERR\n    echo \"error: The sandbox is not in sync with the Podfile.lock. Run 'pod install' or update your CocoaPods installation.\" >&2\n    exit 1\nfi\n";
			showEnvVarsInLog = 0;
		};
		E3FC0D7B427744DEC87895D0 /* [CP] Copy Pods Resources */ = {
			isa = PBXShellScriptBuildPhase;
			buildActionMask = 2147483647;
			files = (
			);
			inputPaths = (
			);
			name = "[CP] Copy Pods Resources";
			outputPaths = (
			);
			runOnlyForDeploymentPostprocessing = 0;
			shellPath = /bin/sh;
			shellScript = "\"${SRCROOT}/Pods/Target Support Files/Pods-StreamingNetworkAppUITests/Pods-StreamingNetworkAppUITests-resources.sh\"\n";
			showEnvVarsInLog = 0;
		};
/* End PBXShellScriptBuildPhase section */

/* Begin PBXSourcesBuildPhase section */
		600FE6AB1E705D41005D208B /* Sources */ = {
			isa = PBXSourcesBuildPhase;
			buildActionMask = 2147483647;
			files = (
				60E38A2C1E782C0900A20807 /* MainNavigationController.swift in Sources */,
				600FE6B51E705D41005D208B /* CollectionViewController.swift in Sources */,
				600FE6B31E705D41005D208B /* AppDelegate.swift in Sources */,
				600FE6E11E705D7C005D208B /* MyCollectionViewCell.swift in Sources */,
				604007AB1E71C06B00B8035C /* RadioData.swift in Sources */,
				604007A41E71AF0D00B8035C /* DataProvider.swift in Sources */,
				6003702D1E716AA60095CE53 /* SettingsViewController.swift in Sources */,
				60E38A2F1E78362300A20807 /* GlobalParams.swift in Sources */,
				600370231E71663B0095CE53 /* DetailViewController.swift in Sources */,
				6003702F1E716AE60095CE53 /* InformationViewController.swift in Sources */,
				602072FE1E76FF81001D5C33 /* Constants.swift in Sources */,
			);
			runOnlyForDeploymentPostprocessing = 0;
		};
		600FE6BF1E705D41005D208B /* Sources */ = {
			isa = PBXSourcesBuildPhase;
			buildActionMask = 2147483647;
			files = (
				604007A11E71ABB200B8035C /* StreamingNetworkAppUITests.swift in Sources */,
			);
			runOnlyForDeploymentPostprocessing = 0;
		};
		600FE6CA1E705D41005D208B /* Sources */ = {
			isa = PBXSourcesBuildPhase;
			buildActionMask = 2147483647;
			files = (
				604007A21E71ABB500B8035C /* StreamingNetworkAppTests.swift in Sources */,
			);
			runOnlyForDeploymentPostprocessing = 0;
		};
/* End PBXSourcesBuildPhase section */

/* Begin PBXTargetDependency section */
		600FE6C51E705D41005D208B /* PBXTargetDependency */ = {
			isa = PBXTargetDependency;
			target = 600FE6AE1E705D41005D208B /* StreamingNetworkApp */;
			targetProxy = 600FE6C41E705D41005D208B /* PBXContainerItemProxy */;
		};
		600FE6D01E705D41005D208B /* PBXTargetDependency */ = {
			isa = PBXTargetDependency;
			target = 600FE6AE1E705D41005D208B /* StreamingNetworkApp */;
			targetProxy = 600FE6CF1E705D41005D208B /* PBXContainerItemProxy */;
		};
/* End PBXTargetDependency section */

/* Begin PBXVariantGroup section */
		600FE6B61E705D41005D208B /* Main.storyboard */ = {
			isa = PBXVariantGroup;
			children = (
				600FE6B71E705D41005D208B /* Base */,
			);
			name = Main.storyboard;
			path = StreamingNetworkApp;
			sourceTree = "<group>";
		};
		600FE6BB1E705D41005D208B /* LaunchScreen.storyboard */ = {
			isa = PBXVariantGroup;
			children = (
				600FE6BC1E705D41005D208B /* Base */,
			);
			name = LaunchScreen.storyboard;
			path = StreamingNetworkApp;
			sourceTree = "<group>";
		};
/* End PBXVariantGroup section */

/* Begin XCBuildConfiguration section */
		600FE6D51E705D41005D208B /* Debug */ = {
			isa = XCBuildConfiguration;
			buildSettings = {
				ALWAYS_SEARCH_USER_PATHS = NO;
				CLANG_ANALYZER_NONNULL = YES;
				CLANG_CXX_LANGUAGE_STANDARD = "gnu++0x";
				CLANG_CXX_LIBRARY = "libc++";
				CLANG_ENABLE_MODULES = YES;
				CLANG_ENABLE_OBJC_ARC = YES;
				CLANG_WARN_BOOL_CONVERSION = YES;
				CLANG_WARN_CONSTANT_CONVERSION = YES;
				CLANG_WARN_DIRECT_OBJC_ISA_USAGE = YES_ERROR;
				CLANG_WARN_DOCUMENTATION_COMMENTS = YES;
				CLANG_WARN_EMPTY_BODY = YES;
				CLANG_WARN_ENUM_CONVERSION = YES;
				CLANG_WARN_INFINITE_RECURSION = YES;
				CLANG_WARN_INT_CONVERSION = YES;
				CLANG_WARN_OBJC_ROOT_CLASS = YES_ERROR;
				CLANG_WARN_SUSPICIOUS_MOVE = YES;
				CLANG_WARN_UNREACHABLE_CODE = YES;
				CLANG_WARN__DUPLICATE_METHOD_MATCH = YES;
				"CODE_SIGN_IDENTITY[sdk=iphoneos*]" = "iPhone Developer";
				COPY_PHASE_STRIP = NO;
				DEBUG_INFORMATION_FORMAT = dwarf;
				ENABLE_STRICT_OBJC_MSGSEND = YES;
				ENABLE_TESTABILITY = YES;
				GCC_C_LANGUAGE_STANDARD = gnu99;
				GCC_DYNAMIC_NO_PIC = NO;
				GCC_NO_COMMON_BLOCKS = YES;
				GCC_OPTIMIZATION_LEVEL = 0;
				GCC_PREPROCESSOR_DEFINITIONS = (
					"DEBUG=1",
					"$(inherited)",
				);
				GCC_WARN_64_TO_32_BIT_CONVERSION = YES;
				GCC_WARN_ABOUT_RETURN_TYPE = YES_ERROR;
				GCC_WARN_UNDECLARED_SELECTOR = YES;
				GCC_WARN_UNINITIALIZED_AUTOS = YES_AGGRESSIVE;
				GCC_WARN_UNUSED_FUNCTION = YES;
				GCC_WARN_UNUSED_VARIABLE = YES;
				IPHONEOS_DEPLOYMENT_TARGET = 10.2;
				MTL_ENABLE_DEBUG_INFO = YES;
				ONLY_ACTIVE_ARCH = YES;
				SDKROOT = iphoneos;
				SWIFT_ACTIVE_COMPILATION_CONDITIONS = DEBUG;
				SWIFT_OPTIMIZATION_LEVEL = "-Onone";
				TARGETED_DEVICE_FAMILY = "1,2";
			};
			name = Debug;
		};
		600FE6D61E705D41005D208B /* Release */ = {
			isa = XCBuildConfiguration;
			buildSettings = {
				ALWAYS_SEARCH_USER_PATHS = NO;
				CLANG_ANALYZER_NONNULL = YES;
				CLANG_CXX_LANGUAGE_STANDARD = "gnu++0x";
				CLANG_CXX_LIBRARY = "libc++";
				CLANG_ENABLE_MODULES = YES;
				CLANG_ENABLE_OBJC_ARC = YES;
				CLANG_WARN_BOOL_CONVERSION = YES;
				CLANG_WARN_CONSTANT_CONVERSION = YES;
				CLANG_WARN_DIRECT_OBJC_ISA_USAGE = YES_ERROR;
				CLANG_WARN_DOCUMENTATION_COMMENTS = YES;
				CLANG_WARN_EMPTY_BODY = YES;
				CLANG_WARN_ENUM_CONVERSION = YES;
				CLANG_WARN_INFINITE_RECURSION = YES;
				CLANG_WARN_INT_CONVERSION = YES;
				CLANG_WARN_OBJC_ROOT_CLASS = YES_ERROR;
				CLANG_WARN_SUSPICIOUS_MOVE = YES;
				CLANG_WARN_UNREACHABLE_CODE = YES;
				CLANG_WARN__DUPLICATE_METHOD_MATCH = YES;
				"CODE_SIGN_IDENTITY[sdk=iphoneos*]" = "iPhone Developer";
				COPY_PHASE_STRIP = NO;
				DEBUG_INFORMATION_FORMAT = "dwarf-with-dsym";
				ENABLE_NS_ASSERTIONS = NO;
				ENABLE_STRICT_OBJC_MSGSEND = YES;
				GCC_C_LANGUAGE_STANDARD = gnu99;
				GCC_NO_COMMON_BLOCKS = YES;
				GCC_WARN_64_TO_32_BIT_CONVERSION = YES;
				GCC_WARN_ABOUT_RETURN_TYPE = YES_ERROR;
				GCC_WARN_UNDECLARED_SELECTOR = YES;
				GCC_WARN_UNINITIALIZED_AUTOS = YES_AGGRESSIVE;
				GCC_WARN_UNUSED_FUNCTION = YES;
				GCC_WARN_UNUSED_VARIABLE = YES;
				IPHONEOS_DEPLOYMENT_TARGET = 10.2;
				MTL_ENABLE_DEBUG_INFO = NO;
				SDKROOT = iphoneos;
				SWIFT_OPTIMIZATION_LEVEL = "-Owholemodule";
				TARGETED_DEVICE_FAMILY = "1,2";
				VALIDATE_PRODUCT = YES;
			};
			name = Release;
		};
		600FE6D81E705D41005D208B /* Debug */ = {
			isa = XCBuildConfiguration;
			baseConfigurationReference = FCB17092CC3533C01EEBA5CC /* Pods-StreamingNetworkApp.debug.xcconfig */;
			buildSettings = {
				ASSETCATALOG_COMPILER_APPICON_NAME = AppIcon;
				DEVELOPMENT_TEAM = 6CB7HT7995;
				INFOPLIST_FILE = StreamingNetworkApp/Info.plist;
				LD_RUNPATH_SEARCH_PATHS = "$(inherited) @executable_path/Frameworks";
				PRODUCT_BUNDLE_IDENTIFIER = nl.deBie.StreamingNetworkApp;
				PRODUCT_NAME = "$(TARGET_NAME)";
				SWIFT_VERSION = 3.0;
			};
			name = Debug;
		};
		600FE6D91E705D41005D208B /* Release */ = {
			isa = XCBuildConfiguration;
			baseConfigurationReference = 7101C741468EB827F9C6F777 /* Pods-StreamingNetworkApp.release.xcconfig */;
			buildSettings = {
				ASSETCATALOG_COMPILER_APPICON_NAME = AppIcon;
				DEVELOPMENT_TEAM = 6CB7HT7995;
				INFOPLIST_FILE = StreamingNetworkApp/Info.plist;
				LD_RUNPATH_SEARCH_PATHS = "$(inherited) @executable_path/Frameworks";
				PRODUCT_BUNDLE_IDENTIFIER = nl.deBie.StreamingNetworkApp;
				PRODUCT_NAME = "$(TARGET_NAME)";
				SWIFT_VERSION = 3.0;
			};
			name = Release;
		};
		600FE6DB1E705D41005D208B /* Debug */ = {
			isa = XCBuildConfiguration;
			baseConfigurationReference = AE22B7DD591C07F773AD9C91 /* Pods-StreamingNetworkAppTests.debug.xcconfig */;
			buildSettings = {
				ALWAYS_EMBED_SWIFT_STANDARD_LIBRARIES = YES;
				BUNDLE_LOADER = "$(TEST_HOST)";
				DEVELOPMENT_TEAM = 6CB7HT7995;
				INFOPLIST_FILE = StreamingNetworkAppTests/Info.plist;
				LD_RUNPATH_SEARCH_PATHS = "$(inherited) @executable_path/Frameworks @loader_path/Frameworks";
				PRODUCT_BUNDLE_IDENTIFIER = nl.deBie.StreamingNetworkAppTests;
				PRODUCT_NAME = "$(TARGET_NAME)";
				SWIFT_VERSION = 3.0;
				TEST_HOST = "$(BUILT_PRODUCTS_DIR)/StreamingNetworkApp.app/StreamingNetworkApp";
			};
			name = Debug;
		};
		600FE6DC1E705D41005D208B /* Release */ = {
			isa = XCBuildConfiguration;
			baseConfigurationReference = 1B389178D7FB2C98C40F31F2 /* Pods-StreamingNetworkAppTests.release.xcconfig */;
			buildSettings = {
				ALWAYS_EMBED_SWIFT_STANDARD_LIBRARIES = YES;
				BUNDLE_LOADER = "$(TEST_HOST)";
				DEVELOPMENT_TEAM = 6CB7HT7995;
				INFOPLIST_FILE = StreamingNetworkAppTests/Info.plist;
				LD_RUNPATH_SEARCH_PATHS = "$(inherited) @executable_path/Frameworks @loader_path/Frameworks";
				PRODUCT_BUNDLE_IDENTIFIER = nl.deBie.StreamingNetworkAppTests;
				PRODUCT_NAME = "$(TARGET_NAME)";
				SWIFT_VERSION = 3.0;
				TEST_HOST = "$(BUILT_PRODUCTS_DIR)/StreamingNetworkApp.app/StreamingNetworkApp";
			};
			name = Release;
		};
		600FE6DE1E705D41005D208B /* Debug */ = {
			isa = XCBuildConfiguration;
			baseConfigurationReference = BFDFD456B3DA4C41EE902D62 /* Pods-StreamingNetworkAppUITests.debug.xcconfig */;
			buildSettings = {
				ALWAYS_EMBED_SWIFT_STANDARD_LIBRARIES = YES;
				DEVELOPMENT_TEAM = 6CB7HT7995;
				INFOPLIST_FILE = StreamingNetworkAppUITests/Info.plist;
				LD_RUNPATH_SEARCH_PATHS = "$(inherited) @executable_path/Frameworks @loader_path/Frameworks";
				PRODUCT_BUNDLE_IDENTIFIER = nl.deBie.StreamingNetworkAppUITests;
				PRODUCT_NAME = "$(TARGET_NAME)";
				SWIFT_VERSION = 3.0;
				TEST_TARGET_NAME = StreamingNetworkApp;
			};
			name = Debug;
		};
		600FE6DF1E705D41005D208B /* Release */ = {
			isa = XCBuildConfiguration;
			baseConfigurationReference = 52C124749A7DD198C1A89761 /* Pods-StreamingNetworkAppUITests.release.xcconfig */;
			buildSettings = {
				ALWAYS_EMBED_SWIFT_STANDARD_LIBRARIES = YES;
				DEVELOPMENT_TEAM = 6CB7HT7995;
				INFOPLIST_FILE = StreamingNetworkAppUITests/Info.plist;
				LD_RUNPATH_SEARCH_PATHS = "$(inherited) @executable_path/Frameworks @loader_path/Frameworks";
				PRODUCT_BUNDLE_IDENTIFIER = nl.deBie.StreamingNetworkAppUITests;
				PRODUCT_NAME = "$(TARGET_NAME)";
				SWIFT_VERSION = 3.0;
				TEST_TARGET_NAME = StreamingNetworkApp;
			};
			name = Release;
		};
/* End XCBuildConfiguration section */

/* Begin XCConfigurationList section */
		600FE6AA1E705D41005D208B /* Build configuration list for PBXProject "StreamingNetworkApp" */ = {
			isa = XCConfigurationList;
			buildConfigurations = (
				600FE6D51E705D41005D208B /* Debug */,
				600FE6D61E705D41005D208B /* Release */,
			);
			defaultConfigurationIsVisible = 0;
			defaultConfigurationName = Release;
		};
		600FE6D71E705D41005D208B /* Build configuration list for PBXNativeTarget "StreamingNetworkApp" */ = {
			isa = XCConfigurationList;
			buildConfigurations = (
				600FE6D81E705D41005D208B /* Debug */,
				600FE6D91E705D41005D208B /* Release */,
			);
			defaultConfigurationIsVisible = 0;
			defaultConfigurationName = Release;
		};
		600FE6DA1E705D41005D208B /* Build configuration list for PBXNativeTarget "StreamingNetworkAppTests" */ = {
			isa = XCConfigurationList;
			buildConfigurations = (
				600FE6DB1E705D41005D208B /* Debug */,
				600FE6DC1E705D41005D208B /* Release */,
			);
			defaultConfigurationIsVisible = 0;
			defaultConfigurationName = Release;
		};
		600FE6DD1E705D41005D208B /* Build configuration list for PBXNativeTarget "StreamingNetworkAppUITests" */ = {
			isa = XCConfigurationList;
			buildConfigurations = (
				600FE6DE1E705D41005D208B /* Debug */,
				600FE6DF1E705D41005D208B /* Release */,
			);
			defaultConfigurationIsVisible = 0;
			defaultConfigurationName = Release;
		};
/* End XCConfigurationList section */
	};
	rootObject = 600FE6A71E705D41005D208B /* Project object */;
}
